// !$*UTF8*$!
{
	archiveVersion = 1;
	classes = {
	};
	objectVersion = 77;
	objects = {

/* Begin PBXBuildFile section */
		EFE32CD6306C0ACA0012B71F /* MarketDataKit in Frameworks */ = {isa = PBXBuildFile; productRef = EFE32CD5306C0ACA0012B71F /* MarketDataKit */; };
		EFE32CD8306C0ACA0012B71F /* MarketDataKitMocks in Frameworks */ = {isa = PBXBuildFile; productRef = EFE32CD7306C0ACA0012B71F /* MarketDataKitMocks */; };
		EFE32CDA306C0ACA0012B71F /* OrderKit in Frameworks */ = {isa = PBXBuildFile; productRef = EFE32CD9306C0ACA0012B71F /* OrderKit */; };
		EFE32CDC306C0ACA0012B71F /* OrderKitMocks in Frameworks */ = {isa = PBXBuildFile; productRef = EFE32CDB306C0ACA0012B71F /* OrderKitMocks */; };
/* End PBXBuildFile section */

/* Begin PBXContainerItemProxy section */
		EFE32CE7306C36B40012B71F /* PBXContainerItemProxy */ = {
			isa = PBXContainerItemProxy;
			containerPortal = EFE32C8B306BD1B50012B71F /* Project object */;
			proxyType = 1;
			remoteGlobalIDString = EFE32C92306BD1B50012B71F;
			remoteInfo = Exchange24iOS;
		};
/* End PBXContainerItemProxy section */

/* Begin PBXFileReference section */
		EFE32C93306BD1B50012B71F /* Exchange24iOS.app */ = {isa = PBXFileReference; explicitFileType = wrapper.application; includeInIndex = 0; path = Exchange24iOS.app; sourceTree = BUILT_PRODUCTS_DIR; };
		EFE32CE3306C36B40012B71F /* Exchange24iOSTests.xctest */ = {isa = PBXFileReference; explicitFileType = wrapper.cfbundle; includeInIndex = 0; path = Exchange24iOSTests.xctest; sourceTree = BUILT_PRODUCTS_DIR; };
/* End PBXFileReference section */

/* Begin PBXFileSystemSynchronizedRootGroup section */
		EFE32C95306BD1B50012B71F /* Exchange24iOS */ = {
			isa = PBXFileSystemSynchronizedRootGroup;
			path = Exchange24iOS;
			sourceTree = "<group>";
		};
		EFE32CE4306C36B40012B71F /* Exchange24iOSTests */ = {
			isa = PBXFileSystemSynchronizedRootGroup;
			path = Exchange24iOSTests;
			sourceTree = "<group>";
		};
/* End PBXFileSystemSynchronizedRootGroup section */

/* Begin PBXFrameworksBuildPhase section */
		EFE32C90306BD1B50012B71F /* Frameworks */ = {
			isa = PBXFrameworksBuildPhase;
			buildActionMask = 2147483647;
			files = (
				EFE32CDA306C0ACA0012B71F /* OrderKit in Frameworks */,
				EFE32CD6306C0ACA0012B71F /* MarketDataKit in Frameworks */,
				EFE32CDC306C0ACA0012B71F /* OrderKitMocks in Frameworks */,
				EFE32CD8306C0ACA0012B71F /* MarketDataKitMocks in Frameworks */,
			);
			runOnlyForDeploymentPostprocessing = 0;
		};
		EFE32CE0306C36B40012B71F /* Frameworks */ = {
			isa = PBXFrameworksBuildPhase;
			buildActionMask = 2147483647;
			files = (
			);
			runOnlyForDeploymentPostprocessing = 0;
		};
/* End PBXFrameworksBuildPhase section */

/* Begin PBXGroup section */
		EFE32C8A306BD1B50012B71F = {
			isa = PBXGroup;
			children = (
				EFE32C95306BD1B50012B71F /* Exchange24iOS */,
				EFE32CE4306C36B40012B71F /* Exchange24iOSTests */,
				EFE32C94306BD1B50012B71F /* Products */,
			);
			sourceTree = "<group>";
		};
		EFE32C94306BD1B50012B71F /* Products */ = {
			isa = PBXGroup;
			children = (
				EFE32C93306BD1B50012B71F /* Exchange24iOS.app */,
				EFE32CE3306C36B40012B71F /* Exchange24iOSTests.xctest */,
			);
			name = Products;
			sourceTree = "<group>";
		};
/* End PBXGroup section */

/* Begin PBXNativeTarget section */
		EFE32C92306BD1B50012B71F /* Exchange24iOS */ = {
			isa = PBXNativeTarget;
			buildConfigurationList = EFE32CA1306BD1BA0012B71F /* Build configuration list for PBXNativeTarget "Exchange24iOS" */;
			buildPhases = (
				EFE32C8F306BD1B50012B71F /* Sources */,
				EFE32C90306BD1B50012B71F /* Frameworks */,
				EFE32C91306BD1B50012B71F /* Resources */,
			);
			buildRules = (
			);
			dependencies = (
			);
			fileSystemSynchronizedGroups = (
				EFE32C95306BD1B50012B71F /* Exchange24iOS */,
			);
			name = Exchange24iOS;
			packageProductDependencies = (
				EFE32CD5306C0ACA0012B71F /* MarketDataKit */,
				EFE32CD7306C0ACA0012B71F /* MarketDataKitMocks */,
				EFE32CD9306C0ACA0012B71F /* OrderKit */,
				EFE32CDB306C0ACA0012B71F /* OrderKitMocks */,
			);
			productName = Exchange24iOS;
			productReference = EFE32C93306BD1B50012B71F /* Exchange24iOS.app */;
			productType = "com.apple.product-type.application";
		};
		EFE32CE2306C36B40012B71F /* Exchange24iOSTests */ = {
			isa = PBXNativeTarget;
			buildConfigurationList = EFE32CE9306C36B40012B71F /* Build configuration list for PBXNativeTarget "Exchange24iOSTests" */;
			buildPhases = (
				EFE32CDF306C36B40012B71F /* Sources */,
				EFE32CE0306C36B40012B71F /* Frameworks */,
				EFE32CE1306C36B40012B71F /* Resources */,
			);
			buildRules = (
			);
			dependencies = (
				EFE32CE8306C36B40012B71F /* PBXTargetDependency */,
			);
			fileSystemSynchronizedGroups = (
				EFE32CE4306C36B40012B71F /* Exchange24iOSTests */,
			);
			name = Exchange24iOSTests;
			packageProductDependencies = (
			);
			productName = Exchange24iOSTests;
			productReference = EFE32CE3306C36B40012B71F /* Exchange24iOSTests.xctest */;
			productType = "com.apple.product-type.bundle.unit-test";
		};
/* End PBXNativeTarget section */

/* Begin PBXProject section */
		EFE32C8B306BD1B50012B71F /* Project object */ = {
			isa = PBXProject;
			attributes = {
				BuildIndependentTargetsInParallel = 1;
				LastSwiftUpdateCheck = 1620;
				LastUpgradeCheck = 1620;
				TargetAttributes = {
					EFE32C92306BD1B50012B71F = {
						CreatedOnToolsVersion = 16.2;
					};
					EFE32CE2306C36B40012B71F = {
						CreatedOnToolsVersion = 16.2;
						TestTargetID = EFE32C92306BD1B50012B71F;
					};
				};
			};
			buildConfigurationList = EFE32C8E306BD1B50012B71F /* Build configuration list for PBXProject "Exchange24iOS" */;
			developmentRegion = en;
			hasScannedForEncodings = 0;
			knownRegions = (
				en,
				Base,
			);
			mainGroup = EFE32C8A306BD1B50012B71F;
			minimizedProjectReferenceProxies = 1;
			packageReferences = (
				EFE32CD4306C0ACA0012B71F /* XCRemoteSwiftPackageReference "exchange24-kit" */,
			);
			preferredProjectObjectVersion = 77;
			productRefGroup = EFE32C94306BD1B50012B71F /* Products */;
			projectDirPath = "";
			projectRoot = "";
			targets = (
				EFE32C92306BD1B50012B71F /* Exchange24iOS */,
				EFE32CE2306C36B40012B71F /* Exchange24iOSTests */,
			);
		};
/* End PBXProject section */

/* Begin PBXResourcesBuildPhase section */
		EFE32C91306BD1B50012B71F /* Resources */ = {
			isa = PBXResourcesBuildPhase;
			buildActionMask = 2147483647;
			files = (
			);
			runOnlyForDeploymentPostprocessing = 0;
		};
		EFE32CE1306C36B40012B71F /* Resources */ = {
			isa = PBXResourcesBuildPhase;
			buildActionMask = 2147483647;
			files = (
			);
			runOnlyForDeploymentPostprocessing = 0;
		};
/* End PBXResourcesBuildPhase section */

/* Begin PBXSourcesBuildPhase section */
		EFE32C8F306BD1B50012B71F /* Sources */ = {
			isa = PBXSourcesBuildPhase;
			buildActionMask = 2147483647;
			files = (
			);
			runOnlyForDeploymentPostprocessing = 0;
		};
		EFE32CDF306C36B40012B71F /* Sources */ = {
			isa = PBXSourcesBuildPhase;
			buildActionMask = 2147483647;
			files = (
			);
			runOnlyForDeploymentPostprocessing = 0;
		};
/* End PBXSourcesBuildPhase section */

/* Begin PBXTargetDependency section */
		EFE32CE8306C36B40012B71F /* PBXTargetDependency */ = {
			isa = PBXTargetDependency;
			target = EFE32C92306BD1B50012B71F /* Exchange24iOS */;
			targetProxy = EFE32CE7306C36B40012B71F /* PBXContainerItemProxy */;
		};
/* End PBXTargetDependency section */

/* Begin XCBuildConfiguration section */
		EFE32C9F306BD1BA0012B71F /* Debug */ = {
			isa = XCBuildConfiguration;
			buildSettings = {
				ALWAYS_SEARCH_USER_PATHS = NO;
				ASSETCATALOG_COMPILER_GENERATE_SWIFT_ASSET_SYMBOL_EXTENSIONS = YES;
				CLANG_ANALYZER_NONNULL = YES;
				CLANG_ANALYZER_NUMBER_OBJECT_CONVERSION = YES_AGGRESSIVE;
				CLANG_CXX_LANGUAGE_STANDARD = "gnu++20";
				CLANG_ENABLE_MODULES = YES;
				CLANG_ENABLE_OBJC_ARC = YES;
				CLANG_ENABLE_OBJC_WEAK = YES;
				CLANG_WARN_BLOCK_CAPTURE_AUTORELEASING = YES;
				CLANG_WARN_BOOL_CONVERSION = YES;
				CLANG_WARN_COMMA = YES;
				CLANG_WARN_CONSTANT_CONVERSION = YES;
				CLANG_WARN_DEPRECATED_OBJC_IMPLEMENTATIONS = YES;
				CLANG_WARN_DIRECT_OBJC_ISA_USAGE = YES_ERROR;
				CLANG_WARN_DOCUMENTATION_COMMENTS = YES;
				CLANG_WARN_EMPTY_BODY = YES;
				CLANG_WARN_ENUM_CONVERSION = YES;
				CLANG_WARN_INFINITE_RECURSION = YES;
				CLANG_WARN_INT_CONVERSION = YES;
				CLANG_WARN_NON_LITERAL_NULL_CONVERSION = YES;
				CLANG_WARN_OBJC_IMPLICIT_RETAIN_SELF = YES;
				CLANG_WARN_OBJC_LITERAL_CONVERSION = YES;
				CLANG_WARN_OBJC_ROOT_CLASS = YES_ERROR;
				CLANG_WARN_QUOTED_INCLUDE_IN_FRAMEWORK_HEADER = YES;
				CLANG_WARN_RANGE_LOOP_ANALYSIS = YES;
				CLANG_WARN_STRICT_PROTOTYPES = YES;
				CLANG_WARN_SUSPICIOUS_MOVE = YES;
				CLANG_WARN_UNGUARDED_AVAILABILITY = YES_AGGRESSIVE;
				CLANG_WARN_UNREACHABLE_CODE = YES;
				CLANG_WARN__DUPLICATE_METHOD_MATCH = YES;
				COPY_PHASE_STRIP = NO;
				DEBUG_INFORMATION_FORMAT = dwarf;
				ENABLE_STRICT_OBJC_MSGSEND = YES;
				ENABLE_TESTABILITY = YES;
				ENABLE_USER_SCRIPT_SANDBOXING = YES;
				GCC_C_LANGUAGE_STANDARD = gnu17;
				GCC_DYNAMIC_NO_PIC = NO;
				GCC_NO_COMMON_BLOCKS = YES;
				GCC_OPTIMIZATION_LEVEL = 0;
				GCC_PREPROCESSOR_DEFINITIONS = (
					"DEBUG=1",
					"$(inherited)",
				);
				GCC_WARN_64_TO_32_BIT_CONVERSION = YES;
				GCC_WARN_ABOUT_RETURN_TYPE = YES_ERROR;
				GCC_WARN_UNDECLARED_SELECTOR = YES;
				GCC_WARN_UNINITIALIZED_AUTOS = YES_AGGRESSIVE;
				GCC_WARN_UNUSED_FUNCTION = YES;
				GCC_WARN_UNUSED_VARIABLE = YES;
				IPHONEOS_DEPLOYMENT_TARGET = 18.2;
				LOCALIZATION_PREFERS_STRING_CATALOGS = YES;
				MTL_ENABLE_DEBUG_INFO = INCLUDE_SOURCE;
				MTL_FAST_MATH = YES;
				ONLY_ACTIVE_ARCH = YES;
				SDKROOT = iphoneos;
				SWIFT_ACTIVE_COMPILATION_CONDITIONS = "DEBUG $(inherited)";
				SWIFT_OPTIMIZATION_LEVEL = "-Onone";
			};
			name = Debug;
		};
		EFE32CA0306BD1BA0012B71F /* Release */ = {
			isa = XCBuildConfiguration;
			buildSettings = {
				ALWAYS_SEARCH_USER_PATHS = NO;
				ASSETCATALOG_COMPILER_GENERATE_SWIFT_ASSET_SYMBOL_EXTENSIONS = YES;
				CLANG_ANALYZER_NONNULL = YES;
				CLANG_ANALYZER_NUMBER_OBJECT_CONVERSION = YES_AGGRESSIVE;
				CLANG_CXX_LANGUAGE_STANDARD = "gnu++20";
				CLANG_ENABLE_MODULES = YES;
				CLANG_ENABLE_OBJC_ARC = YES;
				CLANG_ENABLE_OBJC_WEAK = YES;
				CLANG_WARN_BLOCK_CAPTURE_AUTORELEASING = YES;
				CLANG_WARN_BOOL_CONVERSION = YES;
				CLANG_WARN_COMMA = YES;
				CLANG_WARN_CONSTANT_CONVERSION = YES;
				CLANG_WARN_DEPRECATED_OBJC_IMPLEMENTATIONS = YES;
				CLANG_WARN_DIRECT_OBJC_ISA_USAGE = YES_ERROR;
				CLANG_WARN_DOCUMENTATION_COMMENTS = YES;
				CLANG_WARN_EMPTY_BODY = YES;
				CLANG_WARN_ENUM_CONVERSION = YES;
				CLANG_WARN_INFINITE_RECURSION = YES;
				CLANG_WARN_INT_CONVERSION = YES;
				CLANG_WARN_NON_LITERAL_NULL_CONVERSION = YES;
				CLANG_WARN_OBJC_IMPLICIT_RETAIN_SELF = YES;
				CLANG_WARN_OBJC_LITERAL_CONVERSION = YES;
				CLANG_WARN_OBJC_ROOT_CLASS = YES_ERROR;
				CLANG_WARN_QUOTED_INCLUDE_IN_FRAMEWORK_HEADER = YES;
				CLANG_WARN_RANGE_LOOP_ANALYSIS = YES;
				CLANG_WARN_STRICT_PROTOTYPES = YES;
				CLANG_WARN_SUSPICIOUS_MOVE = YES;
				CLANG_WARN_UNGUARDED_AVAILABILITY = YES_AGGRESSIVE;
				CLANG_WARN_UNREACHABLE_CODE = YES;
				CLANG_WARN__DUPLICATE_METHOD_MATCH = YES;
				COPY_PHASE_STRIP = NO;
				DEBUG_INFORMATION_FORMAT = "dwarf-with-dsym";
				ENABLE_NS_ASSERTIONS = NO;
				ENABLE_STRICT_OBJC_MSGSEND = YES;
				ENABLE_USER_SCRIPT_SANDBOXING = YES;
				GCC_C_LANGUAGE_STANDARD = gnu17;
				GCC_NO_COMMON_BLOCKS = YES;
				GCC_WARN_64_TO_32_BIT_CONVERSION = YES;
				GCC_WARN_ABOUT_RETURN_TYPE = YES_ERROR;
				GCC_WARN_UNDECLARED_SELECTOR = YES;
				GCC_WARN_UNINITIALIZED_AUTOS = YES_AGGRESSIVE;
				GCC_WARN_UNUSED_FUNCTION = YES;
				GCC_WARN_UNUSED_VARIABLE = YES;
				IPHONEOS_DEPLOYMENT_TARGET = 18.2;
				LOCALIZATION_PREFERS_STRING_CATALOGS = YES;
				MTL_ENABLE_DEBUG_INFO = NO;
				MTL_FAST_MATH = YES;
				SDKROOT = iphoneos;
				SWIFT_COMPILATION_MODE = wholemodule;
				VALIDATE_PRODUCT = YES;
			};
			name = Release;
		};
		EFE32CA2306BD1BA0012B71F /* Debug */ = {
			isa = XCBuildConfiguration;
			buildSettings = {
				ASSETCATALOG_COMPILER_APPICON_NAME = AppIcon;
				ASSETCATALOG_COMPILER_GLOBAL_ACCENT_COLOR_NAME = AccentColor;
				CODE_SIGN_STYLE = Automatic;
				CURRENT_PROJECT_VERSION = 1;
				DEVELOPMENT_ASSET_PATHS = "\"Exchange24iOS/Preview Content\"";
				ENABLE_PREVIEWS = YES;
				GENERATE_INFOPLIST_FILE = YES;
				INFOPLIST_KEY_UIApplicationSceneManifest_Generation = YES;
				INFOPLIST_KEY_UIApplicationSupportsIndirectInputEvents = YES;
				INFOPLIST_KEY_UILaunchScreen_Generation = YES;
				INFOPLIST_KEY_UISupportedInterfaceOrientations_iPad = "UIInterfaceOrientationPortrait UIInterfaceOrientationPortraitUpsideDown UIInterfaceOrientationLandscapeLeft UIInterfaceOrientationLandscapeRight";
				INFOPLIST_KEY_UISupportedInterfaceOrientations_iPhone = "UIInterfaceOrientationPortrait UIInterfaceOrientationLandscapeLeft UIInterfaceOrientationLandscapeRight";
				LD_RUNPATH_SEARCH_PATHS = (
					"$(inherited)",
					"@executable_path/Frameworks",
				);
				MARKETING_VERSION = 1.0;
				PRODUCT_BUNDLE_IDENTIFIER = com.enjelhutasoit.Exchange24iOS;
				PRODUCT_NAME = "$(TARGET_NAME)";
				SWIFT_EMIT_LOC_STRINGS = YES;
				SWIFT_VERSION = 5.0;
				TARGETED_DEVICE_FAMILY = "1,2";
			};
			name = Debug;
		};
		EFE32CA3306BD1BA0012B71F /* Release */ = {
			isa = XCBuildConfiguration;
			buildSettings = {
				ASSETCATALOG_COMPILER_APPICON_NAME = AppIcon;
				ASSETCATALOG_COMPILER_GLOBAL_ACCENT_COLOR_NAME = AccentColor;
				CODE_SIGN_STYLE = Automatic;
				CURRENT_PROJECT_VERSION = 1;
				DEVELOPMENT_ASSET_PATHS = "\"Exchange24iOS/Preview Content\"";
				ENABLE_PREVIEWS = YES;
				GENERATE_INFOPLIST_FILE = YES;
				INFOPLIST_KEY_UIApplicationSceneManifest_Generation = YES;
				INFOPLIST_KEY_UIApplicationSupportsIndirectInputEvents = YES;
				INFOPLIST_KEY_UILaunchScreen_Generation = YES;
				INFOPLIST_KEY_UISupportedInterfaceOrientations_iPad = "UIInterfaceOrientationPortrait UIInterfaceOrientationPortraitUpsideDown UIInterfaceOrientationLandscapeLeft UIInterfaceOrientationLandscapeRight";
				INFOPLIST_KEY_UISupportedInterfaceOrientations_iPhone = "UIInterfaceOrientationPortrait UIInterfaceOrientationLandscapeLeft UIInterfaceOrientationLandscapeRight";
				LD_RUNPATH_SEARCH_PATHS = (
					"$(inherited)",
					"@executable_path/Frameworks",
				);
				MARKETING_VERSION = 1.0;
				PRODUCT_BUNDLE_IDENTIFIER = com.enjelhutasoit.Exchange24iOS;
				PRODUCT_NAME = "$(TARGET_NAME)";
				SWIFT_EMIT_LOC_STRINGS = YES;
				SWIFT_VERSION = 5.0;
				TARGETED_DEVICE_FAMILY = "1,2";
			};
			name = Release;
		};
		EFE32CEA306C36B40012B71F /* Debug */ = {
			isa = XCBuildConfiguration;
			buildSettings = {
				BUNDLE_LOADER = "$(TEST_HOST)";
				CODE_SIGN_STYLE = Automatic;
				CURRENT_PROJECT_VERSION = 1;
				GENERATE_INFOPLIST_FILE = YES;
				MARKETING_VERSION = 1.0;
				PRODUCT_BUNDLE_IDENTIFIER = com.enjelhutasoit.Exchange24iOSTests;
				PRODUCT_NAME = "$(TARGET_NAME)";
				SWIFT_EMIT_LOC_STRINGS = NO;
				SWIFT_VERSION = 5.0;
				TARGETED_DEVICE_FAMILY = "1,2";
				TEST_HOST = "$(BUILT_PRODUCTS_DIR)/Exchange24iOS.app/$(BUNDLE_EXECUTABLE_FOLDER_PATH)/Exchange24iOS";
			};
			name = Debug;
		};
		EFE32CEB306C36B40012B71F /* Release */ = {
			isa = XCBuildConfiguration;
			buildSettings = {
				BUNDLE_LOADER = "$(TEST_HOST)";
				CODE_SIGN_STYLE = Automatic;
				CURRENT_PROJECT_VERSION = 1;
				GENERATE_INFOPLIST_FILE = YES;
				MARKETING_VERSION = 1.0;
				PRODUCT_BUNDLE_IDENTIFIER = com.enjelhutasoit.Exchange24iOSTests;
				PRODUCT_NAME = "$(TARGET_NAME)";
				SWIFT_EMIT_LOC_STRINGS = NO;
				SWIFT_VERSION = 5.0;
				TARGETED_DEVICE_FAMILY = "1,2";
				TEST_HOST = "$(BUILT_PRODUCTS_DIR)/Exchange24iOS.app/$(BUNDLE_EXECUTABLE_FOLDER_PATH)/Exchange24iOS";
			};
			name = Release;
		};
/* End XCBuildConfiguration section */

/* Begin XCConfigurationList section */
		EFE32C8E306BD1B50012B71F /* Build configuration list for PBXProject "Exchange24iOS" */ = {
			isa = XCConfigurationList;
			buildConfigurations = (
				EFE32C9F306BD1BA0012B71F /* Debug */,
				EFE32CA0306BD1BA0012B71F /* Release */,
			);
			defaultConfigurationIsVisible = 0;
			defaultConfigurationName = Release;
		};
		EFE32CA1306BD1BA0012B71F /* Build configuration list for PBXNativeTarget "Exchange24iOS" */ = {
			isa = XCConfigurationList;
			buildConfigurations = (
				EFE32CA2306BD1BA0012B71F /* Debug */,
				EFE32CA3306BD1BA0012B71F /* Release */,
			);
			defaultConfigurationIsVisible = 0;
			defaultConfigurationName = Release;
		};
		EFE32CE9306C36B40012B71F /* Build configuration list for PBXNativeTarget "Exchange24iOSTests" */ = {
			isa = XCConfigurationList;
			buildConfigurations = (
				EFE32CEA306C36B40012B71F /* Debug */,
				EFE32CEB306C36B40012B71F /* Release */,
			);
			defaultConfigurationIsVisible = 0;
			defaultConfigurationName = Release;
		};
/* End XCConfigurationList section */

/* Begin XCRemoteSwiftPackageReference section */
		EFE32CD4306C0ACA0012B71F /* XCRemoteSwiftPackageReference "exchange24-kit" */ = {
			isa = XCRemoteSwiftPackageReference;
			repositoryURL = "https://github.com/enjelhutasoit-com/exchange24-kit";
			requirement = {
				branch = main;
				kind = branch;
			};
		};
/* End XCRemoteSwiftPackageReference section */

/* Begin XCSwiftPackageProductDependency section */
		EFE32CD5306C0ACA0012B71F /* MarketDataKit */ = {
			isa = XCSwiftPackageProductDependency;
			package = EFE32CD4306C0ACA0012B71F /* XCRemoteSwiftPackageReference "exchange24-kit" */;
			productName = MarketDataKit;
		};
		EFE32CD7306C0ACA0012B71F /* MarketDataKitMocks */ = {
			isa = XCSwiftPackageProductDependency;
			package = EFE32CD4306C0ACA0012B71F /* XCRemoteSwiftPackageReference "exchange24-kit" */;
			productName = MarketDataKitMocks;
		};
		EFE32CD9306C0ACA0012B71F /* OrderKit */ = {
			isa = XCSwiftPackageProductDependency;
			package = EFE32CD4306C0ACA0012B71F /* XCRemoteSwiftPackageReference "exchange24-kit" */;
			productName = OrderKit;
		};
		EFE32CDB306C0ACA0012B71F /* OrderKitMocks */ = {
			isa = XCSwiftPackageProductDependency;
			package = EFE32CD4306C0ACA0012B71F /* XCRemoteSwiftPackageReference "exchange24-kit" */;
			productName = OrderKitMocks;
		};
/* End XCSwiftPackageProductDependency section */
	};
	rootObject = EFE32C8B306BD1B50012B71F /* Project object */;
}
